// !$*UTF8*$!
{
	archiveVersion = 1;
	classes = {
	};
	objectVersion = 46;
	objects = {

/* Begin PBXBuildFile section */
		A1916A841BAAB9CD00DA5447 /* SignInViewController.swift in Sources */ = {isa = PBXBuildFile; fileRef = A1916A831BAAB9CD00DA5447 /* SignInViewController.swift */; };
		A199C8E31BAFE53600F2A0B6 /* ModelTableViewCell.swift in Sources */ = {isa = PBXBuildFile; fileRef = A199C8E21BAFE53600F2A0B6 /* ModelTableViewCell.swift */; };
		A199C8E51BAFE67600F2A0B6 /* ModelCollectionViewCell.swift in Sources */ = {isa = PBXBuildFile; fileRef = A199C8E41BAFE67600F2A0B6 /* ModelCollectionViewCell.swift */; };
		AF010EC31B7C3FBA00EB4596 /* AppDelegate.swift in Sources */ = {isa = PBXBuildFile; fileRef = AF010EC21B7C3FBA00EB4596 /* AppDelegate.swift */; };
		AF010ECA1B7C3FBA00EB4596 /* Main.storyboard in Resources */ = {isa = PBXBuildFile; fileRef = AF010EC81B7C3FBA00EB4596 /* Main.storyboard */; };
		AF010ECC1B7C3FBA00EB4596 /* Images.xcassets in Resources */ = {isa = PBXBuildFile; fileRef = AF010ECB1B7C3FBA00EB4596 /* Images.xcassets */; };
		AF010ECF1B7C3FBA00EB4596 /* LaunchScreen.xib in Resources */ = {isa = PBXBuildFile; fileRef = AF010ECD1B7C3FBA00EB4596 /* LaunchScreen.xib */; };
		AF010EDB1B7C3FBA00EB4596 /* ASAPTests.swift in Sources */ = {isa = PBXBuildFile; fileRef = AF010EDA1B7C3FBA00EB4596 /* ASAPTests.swift */; };
		AF0F3BC31B97E2C000EE8CD2 /* SearchListResponse.swift in Sources */ = {isa = PBXBuildFile; fileRef = AF0F3BC11B97E2C000EE8CD2 /* SearchListResponse.swift */; };
		AF0F3BC41B97E2C000EE8CD2 /* SearchModel.swift in Sources */ = {isa = PBXBuildFile; fileRef = AF0F3BC21B97E2C000EE8CD2 /* SearchModel.swift */; };
		AF0F3BC71B99776800EE8CD2 /* CategoryModel.swift in Sources */ = {isa = PBXBuildFile; fileRef = AF0F3BC51B99776800EE8CD2 /* CategoryModel.swift */; };
		AF0F3BC81B99776800EE8CD2 /* CategoryResponse.swift in Sources */ = {isa = PBXBuildFile; fileRef = AF0F3BC61B99776800EE8CD2 /* CategoryResponse.swift */; };
		AF0F3BCA1B9D7DBA00EE8CD2 /* SearchResultViewController.swift in Sources */ = {isa = PBXBuildFile; fileRef = AF0F3BC91B9D7DBA00EE8CD2 /* SearchResultViewController.swift */; };
		AF251DCA1B7C869F00F06143 /* ApiManager.swift in Sources */ = {isa = PBXBuildFile; fileRef = AF251DC71B7C869F00F06143 /* ApiManager.swift */; };
		AF251DCB1B7C869F00F06143 /* Logger.swift in Sources */ = {isa = PBXBuildFile; fileRef = AF251DC81B7C869F00F06143 /* Logger.swift */; };
		AF251DCC1B7C869F00F06143 /* WeatherResponse.swift in Sources */ = {isa = PBXBuildFile; fileRef = AF251DC91B7C869F00F06143 /* WeatherResponse.swift */; };
		AF3195E01B83144F001D6E75 /* Alamofire.swift in Sources */ = {isa = PBXBuildFile; fileRef = AF3195BD1B83144F001D6E75 /* Alamofire.swift */; };
		AF3195E11B83144F001D6E75 /* Download.swift in Sources */ = {isa = PBXBuildFile; fileRef = AF3195BE1B83144F001D6E75 /* Download.swift */; };
		AF3195E21B83144F001D6E75 /* Manager.swift in Sources */ = {isa = PBXBuildFile; fileRef = AF3195BF1B83144F001D6E75 /* Manager.swift */; };
		AF3195E31B83144F001D6E75 /* MultipartFormData.swift in Sources */ = {isa = PBXBuildFile; fileRef = AF3195C01B83144F001D6E75 /* MultipartFormData.swift */; };
		AF3195E41B83144F001D6E75 /* ParameterEncoding.swift in Sources */ = {isa = PBXBuildFile; fileRef = AF3195C11B83144F001D6E75 /* ParameterEncoding.swift */; };
		AF3195E51B83144F001D6E75 /* Request.swift in Sources */ = {isa = PBXBuildFile; fileRef = AF3195C21B83144F001D6E75 /* Request.swift */; };
		AF3195E61B83144F001D6E75 /* ResponseSerialization.swift in Sources */ = {isa = PBXBuildFile; fileRef = AF3195C31B83144F001D6E75 /* ResponseSerialization.swift */; };
		AF3195E71B83144F001D6E75 /* ServerTrustPolicy.swift in Sources */ = {isa = PBXBuildFile; fileRef = AF3195C41B83144F001D6E75 /* ServerTrustPolicy.swift */; };
		AF3195E81B83144F001D6E75 /* Upload.swift in Sources */ = {isa = PBXBuildFile; fileRef = AF3195C51B83144F001D6E75 /* Upload.swift */; };
		AF3195E91B83144F001D6E75 /* Validation.swift in Sources */ = {isa = PBXBuildFile; fileRef = AF3195C61B83144F001D6E75 /* Validation.swift */; };
		AF3195EA1B83144F001D6E75 /* AlamofireObjectMapper.swift in Sources */ = {isa = PBXBuildFile; fileRef = AF3195C91B83144F001D6E75 /* AlamofireObjectMapper.swift */; };
		AF3195EE1B83144F001D6E75 /* FromJSON.swift in Sources */ = {isa = PBXBuildFile; fileRef = AF3195D01B83144F001D6E75 /* FromJSON.swift */; };
		AF3195EF1B83144F001D6E75 /* Mapper.swift in Sources */ = {isa = PBXBuildFile; fileRef = AF3195D11B83144F001D6E75 /* Mapper.swift */; };
		AF3195F01B83144F001D6E75 /* Operators.swift in Sources */ = {isa = PBXBuildFile; fileRef = AF3195D21B83144F001D6E75 /* Operators.swift */; };
		AF3195F11B83144F001D6E75 /* ToJSON.swift in Sources */ = {isa = PBXBuildFile; fileRef = AF3195D31B83144F001D6E75 /* ToJSON.swift */; };
		AF3195F21B83144F001D6E75 /* CustomDateFormatTransform.swift in Sources */ = {isa = PBXBuildFile; fileRef = AF3195D51B83144F001D6E75 /* CustomDateFormatTransform.swift */; };
		AF3195F31B83144F001D6E75 /* DateFormaterTransform.swift in Sources */ = {isa = PBXBuildFile; fileRef = AF3195D61B83144F001D6E75 /* DateFormaterTransform.swift */; };
		AF3195F41B83144F001D6E75 /* DateTransform.swift in Sources */ = {isa = PBXBuildFile; fileRef = AF3195D71B83144F001D6E75 /* DateTransform.swift */; };
		AF3195F51B83144F001D6E75 /* EnumTransform.swift in Sources */ = {isa = PBXBuildFile; fileRef = AF3195D81B83144F001D6E75 /* EnumTransform.swift */; };
		AF3195F61B83144F001D6E75 /* ISO8601DateTransform.swift in Sources */ = {isa = PBXBuildFile; fileRef = AF3195D91B83144F001D6E75 /* ISO8601DateTransform.swift */; };
		AF3195F71B83144F001D6E75 /* TransformOf.swift in Sources */ = {isa = PBXBuildFile; fileRef = AF3195DA1B83144F001D6E75 /* TransformOf.swift */; };
		AF3195F81B83144F001D6E75 /* TransformType.swift in Sources */ = {isa = PBXBuildFile; fileRef = AF3195DB1B83144F001D6E75 /* TransformType.swift */; };
		AF3195F91B83144F001D6E75 /* URLTransform.swift in Sources */ = {isa = PBXBuildFile; fileRef = AF3195DC1B83144F001D6E75 /* URLTransform.swift */; };
		AF3195FE1B832705001D6E75 /* Info.plist in Resources */ = {isa = PBXBuildFile; fileRef = AF3195FC1B832705001D6E75 /* Info.plist */; };
		AF3195FF1B832705001D6E75 /* SCLAlertView.swift in Sources */ = {isa = PBXBuildFile; fileRef = AF3195FD1B832705001D6E75 /* SCLAlertView.swift */; };
		AF790AE81B81C0D900070875 /* OpenWeatherModel.swift in Sources */ = {isa = PBXBuildFile; fileRef = AF790AE71B81C0D900070875 /* OpenWeatherModel.swift */; };
		AF7E8FEA1B9557C400AFD3EF /* .gitkeep in Resources */ = {isa = PBXBuildFile; fileRef = AF7E8FE51B9557C400AFD3EF /* .gitkeep */; };
		AF7E8FEB1B9557C400AFD3EF /* MenuItemView.swift in Sources */ = {isa = PBXBuildFile; fileRef = AF7E8FE61B9557C400AFD3EF /* MenuItemView.swift */; };
		AF7E8FEC1B9557C400AFD3EF /* MenuView.swift in Sources */ = {isa = PBXBuildFile; fileRef = AF7E8FE71B9557C400AFD3EF /* MenuView.swift */; };
		AF7E8FED1B9557C400AFD3EF /* PagingMenuController.swift in Sources */ = {isa = PBXBuildFile; fileRef = AF7E8FE81B9557C400AFD3EF /* PagingMenuController.swift */; };
		AF7E8FEE1B9557C400AFD3EF /* PagingMenuOptions.swift in Sources */ = {isa = PBXBuildFile; fileRef = AF7E8FE91B9557C400AFD3EF /* PagingMenuOptions.swift */; };
		AF7E8FF01B95581200AFD3EF /* ItemInfo.swift in Sources */ = {isa = PBXBuildFile; fileRef = AF7E8FEF1B95581200AFD3EF /* ItemInfo.swift */; };
		AF7E8FFD1B95592500AFD3EF /* DetailViewController.swift in Sources */ = {isa = PBXBuildFile; fileRef = AF7E8FF31B95592500AFD3EF /* DetailViewController.swift */; };
		AF7E8FFE1B95592500AFD3EF /* GistsViewController.swift in Sources */ = {isa = PBXBuildFile; fileRef = AF7E8FF41B95592500AFD3EF /* GistsViewController.swift */; };
		AF7E8FFF1B95592500AFD3EF /* GoodsListViewController.swift in Sources */ = {isa = PBXBuildFile; fileRef = AF7E8FF51B95592500AFD3EF /* GoodsListViewController.swift */; };
		AF7E90011B95592500AFD3EF /* KindViewController.swift in Sources */ = {isa = PBXBuildFile; fileRef = AF7E8FF71B95592500AFD3EF /* KindViewController.swift */; };
		AF7E90021B95592500AFD3EF /* MyTabBarViewController.swift in Sources */ = {isa = PBXBuildFile; fileRef = AF7E8FF81B95592500AFD3EF /* MyTabBarViewController.swift */; };
		AF7E90031B95592500AFD3EF /* OrganizationsViewController.swift in Sources */ = {isa = PBXBuildFile; fileRef = AF7E8FF91B95592500AFD3EF /* OrganizationsViewController.swift */; };
		AF7E90041B95592500AFD3EF /* RepositoriesViewController.swift in Sources */ = {isa = PBXBuildFile; fileRef = AF7E8FFA1B95592500AFD3EF /* RepositoriesViewController.swift */; };
		AF7E90051B95592500AFD3EF /* UsersViewController.swift in Sources */ = {isa = PBXBuildFile; fileRef = AF7E8FFB1B95592500AFD3EF /* UsersViewController.swift */; };
		AF7E90091B95791D00AFD3EF /* BasicCell.swift in Sources */ = {isa = PBXBuildFile; fileRef = AF7E90071B95791D00AFD3EF /* BasicCell.swift */; };
		AF7E900A1B95791D00AFD3EF /* HeaderCell.swift in Sources */ = {isa = PBXBuildFile; fileRef = AF7E90081B95791D00AFD3EF /* HeaderCell.swift */; };
		AF7E900E1B957DB600AFD3EF /* FirstViewController.swift in Sources */ = {isa = PBXBuildFile; fileRef = AF7E900D1B957DB600AFD3EF /* FirstViewController.swift */; };
		AF7E90261B96A14300AFD3EF /* expandableImage.png in Resources */ = {isa = PBXBuildFile; fileRef = AF7E901E1B96A14300AFD3EF /* expandableImage.png */; };
		AF7E90271B96A14300AFD3EF /* expandableImage@2x.png in Resources */ = {isa = PBXBuildFile; fileRef = AF7E901F1B96A14300AFD3EF /* expandableImage@2x.png */; };
		AF7E90281B96A14300AFD3EF /* SKSTableView.m in Sources */ = {isa = PBXBuildFile; fileRef = AF7E90211B96A14300AFD3EF /* SKSTableView.m */; };
		AF7E90291B96A14300AFD3EF /* SKSTableViewCell.m in Sources */ = {isa = PBXBuildFile; fileRef = AF7E90231B96A14300AFD3EF /* SKSTableViewCell.m */; };
		AF7E902A1B96A14300AFD3EF /* SKSTableViewCellIndicator.m in Sources */ = {isa = PBXBuildFile; fileRef = AF7E90251B96A14300AFD3EF /* SKSTableViewCellIndicator.m */; };
		AF7E902C1B96A2DD00AFD3EF /* MenuViewController.swift in Sources */ = {isa = PBXBuildFile; fileRef = AF7E902B1B96A2DD00AFD3EF /* MenuViewController.swift */; };
		AF7E90321B96A59800AFD3EF /* PGCategoryView.m in Sources */ = {isa = PBXBuildFile; fileRef = AF7E902F1B96A59800AFD3EF /* PGCategoryView.m */; };
		AF7E90331B96A59800AFD3EF /* re_prduct_pan_toggle@2x.png in Resources */ = {isa = PBXBuildFile; fileRef = AF7E90301B96A59800AFD3EF /* re_prduct_pan_toggle@2x.png */; };
		AF7E90341B96A59800AFD3EF /* re_product_pan_b@2x.png in Resources */ = {isa = PBXBuildFile; fileRef = AF7E90311B96A59800AFD3EF /* re_product_pan_b@2x.png */; };
		AFEF5D401BA0346700A4961D /* SwiftNotice.swift in Sources */ = {isa = PBXBuildFile; fileRef = AFEF5D3F1BA0346700A4961D /* SwiftNotice.swift */; };
		AFEF5D431BA15A7500A4961D /* CampaignModel.swift in Sources */ = {isa = PBXBuildFile; fileRef = AFEF5D411BA15A7500A4961D /* CampaignModel.swift */; };
		AFEF5D441BA15A7500A4961D /* CampaignResponse.swift in Sources */ = {isa = PBXBuildFile; fileRef = AFEF5D421BA15A7500A4961D /* CampaignResponse.swift */; };
		AFEF5D471BA15AE200A4961D /* MenuModel.swift in Sources */ = {isa = PBXBuildFile; fileRef = AFEF5D451BA15AE200A4961D /* MenuModel.swift */; };
		AFEF5D481BA15AE200A4961D /* MenuResponse.swift in Sources */ = {isa = PBXBuildFile; fileRef = AFEF5D461BA15AE200A4961D /* MenuResponse.swift */; };
		AFEF5D4A1BA2A8DF00A4961D /* ViewControllerCommon.swift in Sources */ = {isa = PBXBuildFile; fileRef = AFEF5D491BA2A8DF00A4961D /* ViewControllerCommon.swift */; };
		AFF0664A1BA6BD430098706F /* ImageCache.swift in Sources */ = {isa = PBXBuildFile; fileRef = AFF0663C1BA6BD430098706F /* ImageCache.swift */; };
		AFF0664B1BA6BD430098706F /* ImageDownloader.swift in Sources */ = {isa = PBXBuildFile; fileRef = AFF0663D1BA6BD430098706F /* ImageDownloader.swift */; };
		AFF0664C1BA6BD430098706F /* Info.plist in Resources */ = {isa = PBXBuildFile; fileRef = AFF0663E1BA6BD430098706F /* Info.plist */; };
		AFF0664D1BA6BD430098706F /* KingfisherManager.swift in Sources */ = {isa = PBXBuildFile; fileRef = AFF066401BA6BD430098706F /* KingfisherManager.swift */; };
		AFF0664E1BA6BD430098706F /* KingfisherOptions.swift in Sources */ = {isa = PBXBuildFile; fileRef = AFF066411BA6BD430098706F /* KingfisherOptions.swift */; };
		AFF0664F1BA6BD430098706F /* KingfisherOptionsInfo.swift in Sources */ = {isa = PBXBuildFile; fileRef = AFF066421BA6BD430098706F /* KingfisherOptionsInfo.swift */; };
		AFF066501BA6BD430098706F /* Resource.swift in Sources */ = {isa = PBXBuildFile; fileRef = AFF066431BA6BD430098706F /* Resource.swift */; };
		AFF066511BA6BD430098706F /* String+MD5.swift in Sources */ = {isa = PBXBuildFile; fileRef = AFF066441BA6BD430098706F /* String+MD5.swift */; };
		AFF066521BA6BD430098706F /* UIButton+Kingfisher.swift in Sources */ = {isa = PBXBuildFile; fileRef = AFF066451BA6BD430098706F /* UIButton+Kingfisher.swift */; };
		AFF066531BA6BD430098706F /* UIImage+Decode.swift in Sources */ = {isa = PBXBuildFile; fileRef = AFF066461BA6BD430098706F /* UIImage+Decode.swift */; };
		AFF066541BA6BD430098706F /* UIImage+Normalize.swift in Sources */ = {isa = PBXBuildFile; fileRef = AFF066471BA6BD430098706F /* UIImage+Normalize.swift */; };
		AFF066551BA6BD430098706F /* UIImageView+Kingfisher.swift in Sources */ = {isa = PBXBuildFile; fileRef = AFF066481BA6BD430098706F /* UIImageView+Kingfisher.swift */; };
		AFF066561BA6BD430098706F /* WKInterfaceImage+Kingfisher.swift in Sources */ = {isa = PBXBuildFile; fileRef = AFF066491BA6BD430098706F /* WKInterfaceImage+Kingfisher.swift */; };
		AFF066581BA7FA200098706F /* ic_chevron_right_24dp.png in Resources */ = {isa = PBXBuildFile; fileRef = AFF066571BA7FA200098706F /* ic_chevron_right_24dp.png */; };
		AFF0665B1BA943A70098706F /* DeployModel.swift in Sources */ = {isa = PBXBuildFile; fileRef = AFF066591BA943A70098706F /* DeployModel.swift */; };
		AFF0665C1BA943A70098706F /* DeployResponse.swift in Sources */ = {isa = PBXBuildFile; fileRef = AFF0665A1BA943A70098706F /* DeployResponse.swift */; };
		AFF0665F1BA943CC0098706F /* CirCleView.swift in Sources */ = {isa = PBXBuildFile; fileRef = AFF0665E1BA943CC0098706F /* CirCleView.swift */; };
		AFF066621BA944000098706F /* DealsCollectionViewCell.swift in Sources */ = {isa = PBXBuildFile; fileRef = AFF066601BA944000098706F /* DealsCollectionViewCell.swift */; };
		AFF066631BA944000098706F /* DealsTableViewCell.swift in Sources */ = {isa = PBXBuildFile; fileRef = AFF066611BA944000098706F /* DealsTableViewCell.swift */; };
		AFF066661BA94E2A0098706F /* DealsOntimeModel.swift in Sources */ = {isa = PBXBuildFile; fileRef = AFF066641BA94E2A0098706F /* DealsOntimeModel.swift */; };
		AFF066671BA94E2A0098706F /* DealsOntimeResponse.swift in Sources */ = {isa = PBXBuildFile; fileRef = AFF066651BA94E2A0098706F /* DealsOntimeResponse.swift */; };
		AFF066691BAAA1E00098706F /* OnSaleViewController.swift in Sources */ = {isa = PBXBuildFile; fileRef = AFF066681BAAA1E00098706F /* OnSaleViewController.swift */; };
		AFF0666B1BAAA4AD0098706F /* OnSaleHeaderCell.swift in Sources */ = {isa = PBXBuildFile; fileRef = AFF0666A1BAAA4AD0098706F /* OnSaleHeaderCell.swift */; };
/* End PBXBuildFile section */

/* Begin PBXContainerItemProxy section */
		AF010ED51B7C3FBA00EB4596 /* PBXContainerItemProxy */ = {
			isa = PBXContainerItemProxy;
			containerPortal = AF010EB51B7C3FBA00EB4596 /* Project object */;
			proxyType = 1;
			remoteGlobalIDString = AF010EBC1B7C3FBA00EB4596;
			remoteInfo = ASAP;
		};
/* End PBXContainerItemProxy section */

/* Begin PBXCopyFilesBuildPhase section */
		AF3AA4751B7C816C0056CB47 /* Embed Frameworks */ = {
			isa = PBXCopyFilesBuildPhase;
			buildActionMask = 2147483647;
			dstPath = "";
			dstSubfolderSpec = 10;
			files = (
			);
			name = "Embed Frameworks";
			runOnlyForDeploymentPostprocessing = 0;
		};
/* End PBXCopyFilesBuildPhase section */

/* Begin PBXFileReference section */
		A1916A831BAAB9CD00DA5447 /* SignInViewController.swift */ = {isa = PBXFileReference; fileEncoding = 4; lastKnownFileType = sourcecode.swift; path = SignInViewController.swift; sourceTree = "<group>"; };
		A199C8E21BAFE53600F2A0B6 /* ModelTableViewCell.swift */ = {isa = PBXFileReference; fileEncoding = 4; lastKnownFileType = sourcecode.swift; path = ModelTableViewCell.swift; sourceTree = "<group>"; };
		A199C8E41BAFE67600F2A0B6 /* ModelCollectionViewCell.swift */ = {isa = PBXFileReference; fileEncoding = 4; lastKnownFileType = sourcecode.swift; path = ModelCollectionViewCell.swift; sourceTree = "<group>"; };
		AF010EBD1B7C3FBA00EB4596 /* ASAP.app */ = {isa = PBXFileReference; explicitFileType = wrapper.application; includeInIndex = 0; path = ASAP.app; sourceTree = BUILT_PRODUCTS_DIR; };
		AF010EC11B7C3FBA00EB4596 /* Info.plist */ = {isa = PBXFileReference; lastKnownFileType = text.plist.xml; path = Info.plist; sourceTree = "<group>"; };
		AF010EC21B7C3FBA00EB4596 /* AppDelegate.swift */ = {isa = PBXFileReference; lastKnownFileType = sourcecode.swift; path = AppDelegate.swift; sourceTree = "<group>"; };
		AF010EC91B7C3FBA00EB4596 /* Base */ = {isa = PBXFileReference; lastKnownFileType = file.storyboard; name = Base; path = Base.lproj/Main.storyboard; sourceTree = "<group>"; };
		AF010ECB1B7C3FBA00EB4596 /* Images.xcassets */ = {isa = PBXFileReference; lastKnownFileType = folder.assetcatalog; path = Images.xcassets; sourceTree = "<group>"; };
		AF010ECE1B7C3FBA00EB4596 /* Base */ = {isa = PBXFileReference; lastKnownFileType = file.xib; name = Base; path = Base.lproj/LaunchScreen.xib; sourceTree = "<group>"; };
		AF010ED41B7C3FBA00EB4596 /* ASAPTests.xctest */ = {isa = PBXFileReference; explicitFileType = wrapper.cfbundle; includeInIndex = 0; path = ASAPTests.xctest; sourceTree = BUILT_PRODUCTS_DIR; };
		AF010ED91B7C3FBA00EB4596 /* Info.plist */ = {isa = PBXFileReference; lastKnownFileType = text.plist.xml; path = Info.plist; sourceTree = "<group>"; };
		AF010EDA1B7C3FBA00EB4596 /* ASAPTests.swift */ = {isa = PBXFileReference; lastKnownFileType = sourcecode.swift; path = ASAPTests.swift; sourceTree = "<group>"; };
		AF0F3BC11B97E2C000EE8CD2 /* SearchListResponse.swift */ = {isa = PBXFileReference; fileEncoding = 4; lastKnownFileType = sourcecode.swift; path = SearchListResponse.swift; sourceTree = "<group>"; };
		AF0F3BC21B97E2C000EE8CD2 /* SearchModel.swift */ = {isa = PBXFileReference; fileEncoding = 4; lastKnownFileType = sourcecode.swift; path = SearchModel.swift; sourceTree = "<group>"; };
		AF0F3BC51B99776800EE8CD2 /* CategoryModel.swift */ = {isa = PBXFileReference; fileEncoding = 4; lastKnownFileType = sourcecode.swift; path = CategoryModel.swift; sourceTree = "<group>"; };
		AF0F3BC61B99776800EE8CD2 /* CategoryResponse.swift */ = {isa = PBXFileReference; fileEncoding = 4; lastKnownFileType = sourcecode.swift; path = CategoryResponse.swift; sourceTree = "<group>"; };
		AF0F3BC91B9D7DBA00EE8CD2 /* SearchResultViewController.swift */ = {isa = PBXFileReference; fileEncoding = 4; lastKnownFileType = sourcecode.swift; path = SearchResultViewController.swift; sourceTree = "<group>"; };
		AF251DC71B7C869F00F06143 /* ApiManager.swift */ = {isa = PBXFileReference; fileEncoding = 4; lastKnownFileType = sourcecode.swift; path = ApiManager.swift; sourceTree = "<group>"; };
		AF251DC81B7C869F00F06143 /* Logger.swift */ = {isa = PBXFileReference; fileEncoding = 4; lastKnownFileType = sourcecode.swift; path = Logger.swift; sourceTree = "<group>"; };
		AF251DC91B7C869F00F06143 /* WeatherResponse.swift */ = {isa = PBXFileReference; fileEncoding = 4; lastKnownFileType = sourcecode.swift; path = WeatherResponse.swift; sourceTree = "<group>"; };
		AF3195BD1B83144F001D6E75 /* Alamofire.swift */ = {isa = PBXFileReference; fileEncoding = 4; lastKnownFileType = sourcecode.swift; path = Alamofire.swift; sourceTree = "<group>"; };
		AF3195BE1B83144F001D6E75 /* Download.swift */ = {isa = PBXFileReference; fileEncoding = 4; lastKnownFileType = sourcecode.swift; path = Download.swift; sourceTree = "<group>"; };
		AF3195BF1B83144F001D6E75 /* Manager.swift */ = {isa = PBXFileReference; fileEncoding = 4; lastKnownFileType = sourcecode.swift; path = Manager.swift; sourceTree = "<group>"; };
		AF3195C01B83144F001D6E75 /* MultipartFormData.swift */ = {isa = PBXFileReference; fileEncoding = 4; lastKnownFileType = sourcecode.swift; path = MultipartFormData.swift; sourceTree = "<group>"; };
		AF3195C11B83144F001D6E75 /* ParameterEncoding.swift */ = {isa = PBXFileReference; fileEncoding = 4; lastKnownFileType = sourcecode.swift; path = ParameterEncoding.swift; sourceTree = "<group>"; };
		AF3195C21B83144F001D6E75 /* Request.swift */ = {isa = PBXFileReference; fileEncoding = 4; lastKnownFileType = sourcecode.swift; path = Request.swift; sourceTree = "<group>"; };
		AF3195C31B83144F001D6E75 /* ResponseSerialization.swift */ = {isa = PBXFileReference; fileEncoding = 4; lastKnownFileType = sourcecode.swift; path = ResponseSerialization.swift; sourceTree = "<group>"; };
		AF3195C41B83144F001D6E75 /* ServerTrustPolicy.swift */ = {isa = PBXFileReference; fileEncoding = 4; lastKnownFileType = sourcecode.swift; path = ServerTrustPolicy.swift; sourceTree = "<group>"; };
		AF3195C51B83144F001D6E75 /* Upload.swift */ = {isa = PBXFileReference; fileEncoding = 4; lastKnownFileType = sourcecode.swift; path = Upload.swift; sourceTree = "<group>"; };
		AF3195C61B83144F001D6E75 /* Validation.swift */ = {isa = PBXFileReference; fileEncoding = 4; lastKnownFileType = sourcecode.swift; path = Validation.swift; sourceTree = "<group>"; };
		AF3195C91B83144F001D6E75 /* AlamofireObjectMapper.swift */ = {isa = PBXFileReference; fileEncoding = 4; lastKnownFileType = sourcecode.swift; path = AlamofireObjectMapper.swift; sourceTree = "<group>"; };
		AF3195D01B83144F001D6E75 /* FromJSON.swift */ = {isa = PBXFileReference; fileEncoding = 4; lastKnownFileType = sourcecode.swift; path = FromJSON.swift; sourceTree = "<group>"; };
		AF3195D11B83144F001D6E75 /* Mapper.swift */ = {isa = PBXFileReference; fileEncoding = 4; lastKnownFileType = sourcecode.swift; path = Mapper.swift; sourceTree = "<group>"; };
		AF3195D21B83144F001D6E75 /* Operators.swift */ = {isa = PBXFileReference; fileEncoding = 4; lastKnownFileType = sourcecode.swift; path = Operators.swift; sourceTree = "<group>"; };
		AF3195D31B83144F001D6E75 /* ToJSON.swift */ = {isa = PBXFileReference; fileEncoding = 4; lastKnownFileType = sourcecode.swift; path = ToJSON.swift; sourceTree = "<group>"; };
		AF3195D51B83144F001D6E75 /* CustomDateFormatTransform.swift */ = {isa = PBXFileReference; fileEncoding = 4; lastKnownFileType = sourcecode.swift; path = CustomDateFormatTransform.swift; sourceTree = "<group>"; };
		AF3195D61B83144F001D6E75 /* DateFormaterTransform.swift */ = {isa = PBXFileReference; fileEncoding = 4; lastKnownFileType = sourcecode.swift; path = DateFormaterTransform.swift; sourceTree = "<group>"; };
		AF3195D71B83144F001D6E75 /* DateTransform.swift */ = {isa = PBXFileReference; fileEncoding = 4; lastKnownFileType = sourcecode.swift; path = DateTransform.swift; sourceTree = "<group>"; };
		AF3195D81B83144F001D6E75 /* EnumTransform.swift */ = {isa = PBXFileReference; fileEncoding = 4; lastKnownFileType = sourcecode.swift; path = EnumTransform.swift; sourceTree = "<group>"; };
		AF3195D91B83144F001D6E75 /* ISO8601DateTransform.swift */ = {isa = PBXFileReference; fileEncoding = 4; lastKnownFileType = sourcecode.swift; path = ISO8601DateTransform.swift; sourceTree = "<group>"; };
		AF3195DA1B83144F001D6E75 /* TransformOf.swift */ = {isa = PBXFileReference; fileEncoding = 4; lastKnownFileType = sourcecode.swift; path = TransformOf.swift; sourceTree = "<group>"; };
		AF3195DB1B83144F001D6E75 /* TransformType.swift */ = {isa = PBXFileReference; fileEncoding = 4; lastKnownFileType = sourcecode.swift; path = TransformType.swift; sourceTree = "<group>"; };
		AF3195DC1B83144F001D6E75 /* URLTransform.swift */ = {isa = PBXFileReference; fileEncoding = 4; lastKnownFileType = sourcecode.swift; path = URLTransform.swift; sourceTree = "<group>"; };
		AF3195FC1B832705001D6E75 /* Info.plist */ = {isa = PBXFileReference; fileEncoding = 4; lastKnownFileType = text.plist.xml; path = Info.plist; sourceTree = "<group>"; };
		AF3195FD1B832705001D6E75 /* SCLAlertView.swift */ = {isa = PBXFileReference; fileEncoding = 4; lastKnownFileType = sourcecode.swift; path = SCLAlertView.swift; sourceTree = "<group>"; };
		AF790AE31B7D922000070875 /* ASAP-Bridging-Header.h */ = {isa = PBXFileReference; lastKnownFileType = sourcecode.c.h; path = "ASAP-Bridging-Header.h"; sourceTree = "<group>"; };
		AF790AE71B81C0D900070875 /* OpenWeatherModel.swift */ = {isa = PBXFileReference; fileEncoding = 4; lastKnownFileType = sourcecode.swift; path = OpenWeatherModel.swift; sourceTree = "<group>"; };
		AF7E8FE51B9557C400AFD3EF /* .gitkeep */ = {isa = PBXFileReference; fileEncoding = 4; lastKnownFileType = text; path = .gitkeep; sourceTree = "<group>"; };
		AF7E8FE61B9557C400AFD3EF /* MenuItemView.swift */ = {isa = PBXFileReference; fileEncoding = 4; lastKnownFileType = sourcecode.swift; path = MenuItemView.swift; sourceTree = "<group>"; };
		AF7E8FE71B9557C400AFD3EF /* MenuView.swift */ = {isa = PBXFileReference; fileEncoding = 4; lastKnownFileType = sourcecode.swift; path = MenuView.swift; sourceTree = "<group>"; };
		AF7E8FE81B9557C400AFD3EF /* PagingMenuController.swift */ = {isa = PBXFileReference; fileEncoding = 4; lastKnownFileType = sourcecode.swift; path = PagingMenuController.swift; sourceTree = "<group>"; };
		AF7E8FE91B9557C400AFD3EF /* PagingMenuOptions.swift */ = {isa = PBXFileReference; fileEncoding = 4; lastKnownFileType = sourcecode.swift; path = PagingMenuOptions.swift; sourceTree = "<group>"; };
		AF7E8FEF1B95581200AFD3EF /* ItemInfo.swift */ = {isa = PBXFileReference; fileEncoding = 4; lastKnownFileType = sourcecode.swift; path = ItemInfo.swift; sourceTree = "<group>"; };
		AF7E8FF31B95592500AFD3EF /* DetailViewController.swift */ = {isa = PBXFileReference; fileEncoding = 4; lastKnownFileType = sourcecode.swift; path = DetailViewController.swift; sourceTree = "<group>"; };
		AF7E8FF41B95592500AFD3EF /* GistsViewController.swift */ = {isa = PBXFileReference; fileEncoding = 4; lastKnownFileType = sourcecode.swift; path = GistsViewController.swift; sourceTree = "<group>"; };
		AF7E8FF51B95592500AFD3EF /* GoodsListViewController.swift */ = {isa = PBXFileReference; fileEncoding = 4; lastKnownFileType = sourcecode.swift; path = GoodsListViewController.swift; sourceTree = "<group>"; };
		AF7E8FF71B95592500AFD3EF /* KindViewController.swift */ = {isa = PBXFileReference; fileEncoding = 4; lastKnownFileType = sourcecode.swift; path = KindViewController.swift; sourceTree = "<group>"; };
		AF7E8FF81B95592500AFD3EF /* MyTabBarViewController.swift */ = {isa = PBXFileReference; fileEncoding = 4; lastKnownFileType = sourcecode.swift; path = MyTabBarViewController.swift; sourceTree = "<group>"; };
		AF7E8FF91B95592500AFD3EF /* OrganizationsViewController.swift */ = {isa = PBXFileReference; fileEncoding = 4; lastKnownFileType = sourcecode.swift; path = OrganizationsViewController.swift; sourceTree = "<group>"; };
		AF7E8FFA1B95592500AFD3EF /* RepositoriesViewController.swift */ = {isa = PBXFileReference; fileEncoding = 4; lastKnownFileType = sourcecode.swift; path = RepositoriesViewController.swift; sourceTree = "<group>"; };
		AF7E8FFB1B95592500AFD3EF /* UsersViewController.swift */ = {isa = PBXFileReference; fileEncoding = 4; lastKnownFileType = sourcecode.swift; path = UsersViewController.swift; sourceTree = "<group>"; };
		AF7E90071B95791D00AFD3EF /* BasicCell.swift */ = {isa = PBXFileReference; fileEncoding = 4; lastKnownFileType = sourcecode.swift; path = BasicCell.swift; sourceTree = "<group>"; };
		AF7E90081B95791D00AFD3EF /* HeaderCell.swift */ = {isa = PBXFileReference; fileEncoding = 4; lastKnownFileType = sourcecode.swift; path = HeaderCell.swift; sourceTree = "<group>"; };
		AF7E900D1B957DB600AFD3EF /* FirstViewController.swift */ = {isa = PBXFileReference; fileEncoding = 4; lastKnownFileType = sourcecode.swift; path = FirstViewController.swift; sourceTree = "<group>"; };
		AF7E901E1B96A14300AFD3EF /* expandableImage.png */ = {isa = PBXFileReference; lastKnownFileType = image.png; path = expandableImage.png; sourceTree = "<group>"; };
		AF7E901F1B96A14300AFD3EF /* expandableImage@2x.png */ = {isa = PBXFileReference; lastKnownFileType = image.png; path = "expandableImage@2x.png"; sourceTree = "<group>"; };
		AF7E90201B96A14300AFD3EF /* SKSTableView.h */ = {isa = PBXFileReference; fileEncoding = 4; lastKnownFileType = sourcecode.c.h; path = SKSTableView.h; sourceTree = "<group>"; };
		AF7E90211B96A14300AFD3EF /* SKSTableView.m */ = {isa = PBXFileReference; fileEncoding = 4; lastKnownFileType = sourcecode.c.objc; path = SKSTableView.m; sourceTree = "<group>"; };
		AF7E90221B96A14300AFD3EF /* SKSTableViewCell.h */ = {isa = PBXFileReference; fileEncoding = 4; lastKnownFileType = sourcecode.c.h; path = SKSTableViewCell.h; sourceTree = "<group>"; };
		AF7E90231B96A14300AFD3EF /* SKSTableViewCell.m */ = {isa = PBXFileReference; fileEncoding = 4; lastKnownFileType = sourcecode.c.objc; path = SKSTableViewCell.m; sourceTree = "<group>"; };
		AF7E90241B96A14300AFD3EF /* SKSTableViewCellIndicator.h */ = {isa = PBXFileReference; fileEncoding = 4; lastKnownFileType = sourcecode.c.h; path = SKSTableViewCellIndicator.h; sourceTree = "<group>"; };
		AF7E90251B96A14300AFD3EF /* SKSTableViewCellIndicator.m */ = {isa = PBXFileReference; fileEncoding = 4; lastKnownFileType = sourcecode.c.objc; path = SKSTableViewCellIndicator.m; sourceTree = "<group>"; };
		AF7E902B1B96A2DD00AFD3EF /* MenuViewController.swift */ = {isa = PBXFileReference; fileEncoding = 4; lastKnownFileType = sourcecode.swift; path = MenuViewController.swift; sourceTree = "<group>"; };
		AF7E902E1B96A59800AFD3EF /* PGCategoryView.h */ = {isa = PBXFileReference; fileEncoding = 4; lastKnownFileType = sourcecode.c.h; path = PGCategoryView.h; sourceTree = "<group>"; };
		AF7E902F1B96A59800AFD3EF /* PGCategoryView.m */ = {isa = PBXFileReference; fileEncoding = 4; lastKnownFileType = sourcecode.c.objc; path = PGCategoryView.m; sourceTree = "<group>"; };
		AF7E90301B96A59800AFD3EF /* re_prduct_pan_toggle@2x.png */ = {isa = PBXFileReference; lastKnownFileType = image.png; path = "re_prduct_pan_toggle@2x.png"; sourceTree = "<group>"; };
		AF7E90311B96A59800AFD3EF /* re_product_pan_b@2x.png */ = {isa = PBXFileReference; lastKnownFileType = image.png; path = "re_product_pan_b@2x.png"; sourceTree = "<group>"; };
		AFEF5D3F1BA0346700A4961D /* SwiftNotice.swift */ = {isa = PBXFileReference; fileEncoding = 4; lastKnownFileType = sourcecode.swift; path = SwiftNotice.swift; sourceTree = "<group>"; };
		AFEF5D411BA15A7500A4961D /* CampaignModel.swift */ = {isa = PBXFileReference; fileEncoding = 4; lastKnownFileType = sourcecode.swift; path = CampaignModel.swift; sourceTree = "<group>"; };
		AFEF5D421BA15A7500A4961D /* CampaignResponse.swift */ = {isa = PBXFileReference; fileEncoding = 4; lastKnownFileType = sourcecode.swift; path = CampaignResponse.swift; sourceTree = "<group>"; };
		AFEF5D451BA15AE200A4961D /* MenuModel.swift */ = {isa = PBXFileReference; fileEncoding = 4; lastKnownFileType = sourcecode.swift; path = MenuModel.swift; sourceTree = "<group>"; };
		AFEF5D461BA15AE200A4961D /* MenuResponse.swift */ = {isa = PBXFileReference; fileEncoding = 4; lastKnownFileType = sourcecode.swift; path = MenuResponse.swift; sourceTree = "<group>"; };
		AFEF5D491BA2A8DF00A4961D /* ViewControllerCommon.swift */ = {isa = PBXFileReference; fileEncoding = 4; lastKnownFileType = sourcecode.swift; path = ViewControllerCommon.swift; sourceTree = "<group>"; };
		AFF0663C1BA6BD430098706F /* ImageCache.swift */ = {isa = PBXFileReference; fileEncoding = 4; lastKnownFileType = sourcecode.swift; path = ImageCache.swift; sourceTree = "<group>"; };
		AFF0663D1BA6BD430098706F /* ImageDownloader.swift */ = {isa = PBXFileReference; fileEncoding = 4; lastKnownFileType = sourcecode.swift; path = ImageDownloader.swift; sourceTree = "<group>"; };
		AFF0663E1BA6BD430098706F /* Info.plist */ = {isa = PBXFileReference; fileEncoding = 4; lastKnownFileType = text.plist.xml; path = Info.plist; sourceTree = "<group>"; };
		AFF0663F1BA6BD430098706F /* Kingfisher.h */ = {isa = PBXFileReference; fileEncoding = 4; lastKnownFileType = sourcecode.c.h; path = Kingfisher.h; sourceTree = "<group>"; };
		AFF066401BA6BD430098706F /* KingfisherManager.swift */ = {isa = PBXFileReference; fileEncoding = 4; lastKnownFileType = sourcecode.swift; path = KingfisherManager.swift; sourceTree = "<group>"; };
		AFF066411BA6BD430098706F /* KingfisherOptions.swift */ = {isa = PBXFileReference; fileEncoding = 4; lastKnownFileType = sourcecode.swift; path = KingfisherOptions.swift; sourceTree = "<group>"; };
		AFF066421BA6BD430098706F /* KingfisherOptionsInfo.swift */ = {isa = PBXFileReference; fileEncoding = 4; lastKnownFileType = sourcecode.swift; path = KingfisherOptionsInfo.swift; sourceTree = "<group>"; };
		AFF066431BA6BD430098706F /* Resource.swift */ = {isa = PBXFileReference; fileEncoding = 4; lastKnownFileType = sourcecode.swift; path = Resource.swift; sourceTree = "<group>"; };
		AFF066441BA6BD430098706F /* String+MD5.swift */ = {isa = PBXFileReference; fileEncoding = 4; lastKnownFileType = sourcecode.swift; path = "String+MD5.swift"; sourceTree = "<group>"; };
		AFF066451BA6BD430098706F /* UIButton+Kingfisher.swift */ = {isa = PBXFileReference; fileEncoding = 4; lastKnownFileType = sourcecode.swift; path = "UIButton+Kingfisher.swift"; sourceTree = "<group>"; };
		AFF066461BA6BD430098706F /* UIImage+Decode.swift */ = {isa = PBXFileReference; fileEncoding = 4; lastKnownFileType = sourcecode.swift; path = "UIImage+Decode.swift"; sourceTree = "<group>"; };
		AFF066471BA6BD430098706F /* UIImage+Normalize.swift */ = {isa = PBXFileReference; fileEncoding = 4; lastKnownFileType = sourcecode.swift; path = "UIImage+Normalize.swift"; sourceTree = "<group>"; };
		AFF066481BA6BD430098706F /* UIImageView+Kingfisher.swift */ = {isa = PBXFileReference; fileEncoding = 4; lastKnownFileType = sourcecode.swift; path = "UIImageView+Kingfisher.swift"; sourceTree = "<group>"; };
		AFF066491BA6BD430098706F /* WKInterfaceImage+Kingfisher.swift */ = {isa = PBXFileReference; fileEncoding = 4; lastKnownFileType = sourcecode.swift; path = "WKInterfaceImage+Kingfisher.swift"; sourceTree = "<group>"; };
		AFF066571BA7FA200098706F /* ic_chevron_right_24dp.png */ = {isa = PBXFileReference; lastKnownFileType = image.png; path = ic_chevron_right_24dp.png; sourceTree = "<group>"; };
		AFF066591BA943A70098706F /* DeployModel.swift */ = {isa = PBXFileReference; fileEncoding = 4; lastKnownFileType = sourcecode.swift; path = DeployModel.swift; sourceTree = "<group>"; };
		AFF0665A1BA943A70098706F /* DeployResponse.swift */ = {isa = PBXFileReference; fileEncoding = 4; lastKnownFileType = sourcecode.swift; path = DeployResponse.swift; sourceTree = "<group>"; };
		AFF0665E1BA943CC0098706F /* CirCleView.swift */ = {isa = PBXFileReference; fileEncoding = 4; lastKnownFileType = sourcecode.swift; path = CirCleView.swift; sourceTree = "<group>"; };
		AFF066601BA944000098706F /* DealsCollectionViewCell.swift */ = {isa = PBXFileReference; fileEncoding = 4; lastKnownFileType = sourcecode.swift; path = DealsCollectionViewCell.swift; sourceTree = "<group>"; };
		AFF066611BA944000098706F /* DealsTableViewCell.swift */ = {isa = PBXFileReference; fileEncoding = 4; lastKnownFileType = sourcecode.swift; path = DealsTableViewCell.swift; sourceTree = "<group>"; };
		AFF066641BA94E2A0098706F /* DealsOntimeModel.swift */ = {isa = PBXFileReference; fileEncoding = 4; lastKnownFileType = sourcecode.swift; path = DealsOntimeModel.swift; sourceTree = "<group>"; };
		AFF066651BA94E2A0098706F /* DealsOntimeResponse.swift */ = {isa = PBXFileReference; fileEncoding = 4; lastKnownFileType = sourcecode.swift; path = DealsOntimeResponse.swift; sourceTree = "<group>"; };
		AFF066681BAAA1E00098706F /* OnSaleViewController.swift */ = {isa = PBXFileReference; fileEncoding = 4; lastKnownFileType = sourcecode.swift; path = OnSaleViewController.swift; sourceTree = "<group>"; };
		AFF0666A1BAAA4AD0098706F /* OnSaleHeaderCell.swift */ = {isa = PBXFileReference; fileEncoding = 4; lastKnownFileType = sourcecode.swift; path = OnSaleHeaderCell.swift; sourceTree = "<group>"; };
/* End PBXFileReference section */

/* Begin PBXFrameworksBuildPhase section */
		AF010EBA1B7C3FBA00EB4596 /* Frameworks */ = {
			isa = PBXFrameworksBuildPhase;
			buildActionMask = 2147483647;
			files = (
			);
			runOnlyForDeploymentPostprocessing = 0;
		};
		AF010ED11B7C3FBA00EB4596 /* Frameworks */ = {
			isa = PBXFrameworksBuildPhase;
			buildActionMask = 2147483647;
			files = (
			);
			runOnlyForDeploymentPostprocessing = 0;
		};
/* End PBXFrameworksBuildPhase section */

/* Begin PBXGroup section */
		AF010EB41B7C3FBA00EB4596 = {
			isa = PBXGroup;
			children = (
				AF790AE61B81BFC500070875 /* Model */,
				AF7E8FF11B95592500AFD3EF /* ViewController */,
				AF3195B81B83144F001D6E75 /* ThirdParty */,
				AF251DC61B7C869F00F06143 /* UitoxCommon */,
				AF010EBF1B7C3FBA00EB4596 /* ASAP */,
				AF010ED71B7C3FBA00EB4596 /* ASAPTests */,
				AF010EBE1B7C3FBA00EB4596 /* Products */,
				F39DA90FC632ABF7B58E8331 /* Frameworks */,
			);
			sourceTree = "<group>";
		};
		AF010EBE1B7C3FBA00EB4596 /* Products */ = {
			isa = PBXGroup;
			children = (
				AF010EBD1B7C3FBA00EB4596 /* ASAP.app */,
				AF010ED41B7C3FBA00EB4596 /* ASAPTests.xctest */,
			);
			name = Products;
			sourceTree = "<group>";
		};
		AF010EBF1B7C3FBA00EB4596 /* ASAP */ = {
			isa = PBXGroup;
			children = (
				AF010EC21B7C3FBA00EB4596 /* AppDelegate.swift */,
				AF010EC81B7C3FBA00EB4596 /* Main.storyboard */,
				AF010ECB1B7C3FBA00EB4596 /* Images.xcassets */,
				AF010ECD1B7C3FBA00EB4596 /* LaunchScreen.xib */,
				AF010EC01B7C3FBA00EB4596 /* Supporting Files */,
			);
			path = ASAP;
			sourceTree = "<group>";
		};
		AF010EC01B7C3FBA00EB4596 /* Supporting Files */ = {
			isa = PBXGroup;
			children = (
				AF010EC11B7C3FBA00EB4596 /* Info.plist */,
			);
			name = "Supporting Files";
			sourceTree = "<group>";
		};
		AF010ED71B7C3FBA00EB4596 /* ASAPTests */ = {
			isa = PBXGroup;
			children = (
				AF010EDA1B7C3FBA00EB4596 /* ASAPTests.swift */,
				AF010ED81B7C3FBA00EB4596 /* Supporting Files */,
			);
			path = ASAPTests;
			sourceTree = "<group>";
		};
		AF010ED81B7C3FBA00EB4596 /* Supporting Files */ = {
			isa = PBXGroup;
			children = (
				AF010ED91B7C3FBA00EB4596 /* Info.plist */,
			);
			name = "Supporting Files";
			sourceTree = "<group>";
		};
		AF251DC61B7C869F00F06143 /* UitoxCommon */ = {
			isa = PBXGroup;
			children = (
				AF251DC71B7C869F00F06143 /* ApiManager.swift */,
				AF251DC81B7C869F00F06143 /* Logger.swift */,
				AFEF5D491BA2A8DF00A4961D /* ViewControllerCommon.swift */,
				AF790AE31B7D922000070875 /* ASAP-Bridging-Header.h */,
			);
			path = UitoxCommon;
			sourceTree = "<group>";
		};
		AF3195B81B83144F001D6E75 /* ThirdParty */ = {
			isa = PBXGroup;
			children = (
				AFF0665D1BA943CC0098706F /* GLCircleScrollVeiw */,
				AFF0663B1BA6BD430098706F /* Kingfisher */,
				AFEF5D3E1BA0346700A4961D /* SwiftNotice-3.1 */,
				AF7E902D1B96A59800AFD3EF /* PGCategoryMenu */,
				AF7E901D1B96A14300AFD3EF /* SKSTableViewImp */,
				AF7E8FE41B9557C400AFD3EF /* PageMenuController */,
				AF3195FB1B832705001D6E75 /* SCLAlertView */,
				AF3195B91B83144F001D6E75 /* Alamofire */,
				AF3195C71B83144F001D6E75 /* AlamofireObjectMapper */,
				AF3195CC1B83144F001D6E75 /* ObjectMapper */,
			);
			path = ThirdParty;
			sourceTree = "<group>";
		};
		AF3195B91B83144F001D6E75 /* Alamofire */ = {
			isa = PBXGroup;
			children = (
				AF3195BC1B83144F001D6E75 /* Source */,
			);
			path = Alamofire;
			sourceTree = "<group>";
		};
		AF3195BC1B83144F001D6E75 /* Source */ = {
			isa = PBXGroup;
			children = (
				AF3195BD1B83144F001D6E75 /* Alamofire.swift */,
				AF3195BE1B83144F001D6E75 /* Download.swift */,
				AF3195BF1B83144F001D6E75 /* Manager.swift */,
				AF3195C01B83144F001D6E75 /* MultipartFormData.swift */,
				AF3195C11B83144F001D6E75 /* ParameterEncoding.swift */,
				AF3195C21B83144F001D6E75 /* Request.swift */,
				AF3195C31B83144F001D6E75 /* ResponseSerialization.swift */,
				AF3195C41B83144F001D6E75 /* ServerTrustPolicy.swift */,
				AF3195C51B83144F001D6E75 /* Upload.swift */,
				AF3195C61B83144F001D6E75 /* Validation.swift */,
			);
			path = Source;
			sourceTree = "<group>";
		};
		AF3195C71B83144F001D6E75 /* AlamofireObjectMapper */ = {
			isa = PBXGroup;
			children = (
				AF3195C81B83144F001D6E75 /* AlamofireObjectMapper */,
			);
			path = AlamofireObjectMapper;
			sourceTree = "<group>";
		};
		AF3195C81B83144F001D6E75 /* AlamofireObjectMapper */ = {
			isa = PBXGroup;
			children = (
				AF3195C91B83144F001D6E75 /* AlamofireObjectMapper.swift */,
			);
			path = AlamofireObjectMapper;
			sourceTree = "<group>";
		};
		AF3195CC1B83144F001D6E75 /* ObjectMapper */ = {
			isa = PBXGroup;
			children = (
				AF3195CE1B83144F001D6E75 /* ObjectMapper */,
			);
			path = ObjectMapper;
			sourceTree = "<group>";
		};
		AF3195CE1B83144F001D6E75 /* ObjectMapper */ = {
			isa = PBXGroup;
			children = (
				AF3195CF1B83144F001D6E75 /* Core */,
				AF3195D41B83144F001D6E75 /* Transforms */,
			);
			path = ObjectMapper;
			sourceTree = "<group>";
		};
		AF3195CF1B83144F001D6E75 /* Core */ = {
			isa = PBXGroup;
			children = (
				AF3195D01B83144F001D6E75 /* FromJSON.swift */,
				AF3195D11B83144F001D6E75 /* Mapper.swift */,
				AF3195D21B83144F001D6E75 /* Operators.swift */,
				AF3195D31B83144F001D6E75 /* ToJSON.swift */,
			);
			path = Core;
			sourceTree = "<group>";
		};
		AF3195D41B83144F001D6E75 /* Transforms */ = {
			isa = PBXGroup;
			children = (
				AF3195D51B83144F001D6E75 /* CustomDateFormatTransform.swift */,
				AF3195D61B83144F001D6E75 /* DateFormaterTransform.swift */,
				AF3195D71B83144F001D6E75 /* DateTransform.swift */,
				AF3195D81B83144F001D6E75 /* EnumTransform.swift */,
				AF3195D91B83144F001D6E75 /* ISO8601DateTransform.swift */,
				AF3195DA1B83144F001D6E75 /* TransformOf.swift */,
				AF3195DB1B83144F001D6E75 /* TransformType.swift */,
				AF3195DC1B83144F001D6E75 /* URLTransform.swift */,
			);
			path = Transforms;
			sourceTree = "<group>";
		};
		AF3195FB1B832705001D6E75 /* SCLAlertView */ = {
			isa = PBXGroup;
			children = (
				AF3195FC1B832705001D6E75 /* Info.plist */,
				AF3195FD1B832705001D6E75 /* SCLAlertView.swift */,
			);
			path = SCLAlertView;
			sourceTree = "<group>";
		};
		AF790AE61B81BFC500070875 /* Model */ = {
			isa = PBXGroup;
			children = (
				AFF066641BA94E2A0098706F /* DealsOntimeModel.swift */,
				AFF066651BA94E2A0098706F /* DealsOntimeResponse.swift */,
				AFF066591BA943A70098706F /* DeployModel.swift */,
				AFF0665A1BA943A70098706F /* DeployResponse.swift */,
				AF0F3BC21B97E2C000EE8CD2 /* SearchModel.swift */,
				AF0F3BC11B97E2C000EE8CD2 /* SearchListResponse.swift */,
				AFEF5D451BA15AE200A4961D /* MenuModel.swift */,
				AFEF5D461BA15AE200A4961D /* MenuResponse.swift */,
				AF0F3BC51B99776800EE8CD2 /* CategoryModel.swift */,
				AF0F3BC61B99776800EE8CD2 /* CategoryResponse.swift */,
				AFEF5D411BA15A7500A4961D /* CampaignModel.swift */,
				AFEF5D421BA15A7500A4961D /* CampaignResponse.swift */,
				AF790AE71B81C0D900070875 /* OpenWeatherModel.swift */,
				AF251DC91B7C869F00F06143 /* WeatherResponse.swift */,
				AF7E8FEF1B95581200AFD3EF /* ItemInfo.swift */,
			);
			path = Model;
			sourceTree = "<group>";
		};
		AF7E8FE41B9557C400AFD3EF /* PageMenuController */ = {
			isa = PBXGroup;
			children = (
				AF7E8FE51B9557C400AFD3EF /* .gitkeep */,
				AF7E8FE61B9557C400AFD3EF /* MenuItemView.swift */,
				AF7E8FE71B9557C400AFD3EF /* MenuView.swift */,
				AF7E8FE81B9557C400AFD3EF /* PagingMenuController.swift */,
				AF7E8FE91B9557C400AFD3EF /* PagingMenuOptions.swift */,
			);
			path = PageMenuController;
			sourceTree = "<group>";
		};
		AF7E8FF11B95592500AFD3EF /* ViewController */ = {
			isa = PBXGroup;
			children = (
				AF7E90061B9578E300AFD3EF /* CustomUI */,
				AF7E8FF31B95592500AFD3EF /* DetailViewController.swift */,
				AF7E8FF41B95592500AFD3EF /* GistsViewController.swift */,
				AF7E8FF71B95592500AFD3EF /* KindViewController.swift */,
				AFF066681BAAA1E00098706F /* OnSaleViewController.swift */,
				A1916A831BAAB9CD00DA5447 /* SignInViewController.swift */,
				AF7E8FF81B95592500AFD3EF /* MyTabBarViewController.swift */,
				AF7E8FF91B95592500AFD3EF /* OrganizationsViewController.swift */,
				AF7E8FFA1B95592500AFD3EF /* RepositoriesViewController.swift */,
				AF7E8FFB1B95592500AFD3EF /* UsersViewController.swift */,
				AF7E8FF51B95592500AFD3EF /* GoodsListViewController.swift */,
				AF7E900D1B957DB600AFD3EF /* FirstViewController.swift */,
				AF7E902B1B96A2DD00AFD3EF /* MenuViewController.swift */,
				AF0F3BC91B9D7DBA00EE8CD2 /* SearchResultViewController.swift */,
			);
			path = ViewController;
			sourceTree = "<group>";
		};
		AF7E90061B9578E300AFD3EF /* CustomUI */ = {
			isa = PBXGroup;
			children = (
				AFF066601BA944000098706F /* DealsCollectionViewCell.swift */,
				A199C8E21BAFE53600F2A0B6 /* ModelTableViewCell.swift */,
				AFF066611BA944000098706F /* DealsTableViewCell.swift */,
				AF7E90071B95791D00AFD3EF /* BasicCell.swift */,
				AF7E90081B95791D00AFD3EF /* HeaderCell.swift */,
				AFF0666A1BAAA4AD0098706F /* OnSaleHeaderCell.swift */,
				A199C8E41BAFE67600F2A0B6 /* ModelCollectionViewCell.swift */,
			);
			path = CustomUI;
			sourceTree = "<group>";
		};
		AF7E901D1B96A14300AFD3EF /* SKSTableViewImp */ = {
			isa = PBXGroup;
			children = (
				AF7E901E1B96A14300AFD3EF /* expandableImage.png */,
				AF7E901F1B96A14300AFD3EF /* expandableImage@2x.png */,
				AFF066571BA7FA200098706F /* ic_chevron_right_24dp.png */,
				AF7E90201B96A14300AFD3EF /* SKSTableView.h */,
				AF7E90211B96A14300AFD3EF /* SKSTableView.m */,
				AF7E90221B96A14300AFD3EF /* SKSTableViewCell.h */,
				AF7E90231B96A14300AFD3EF /* SKSTableViewCell.m */,
				AF7E90241B96A14300AFD3EF /* SKSTableViewCellIndicator.h */,
				AF7E90251B96A14300AFD3EF /* SKSTableViewCellIndicator.m */,
			);
			path = SKSTableViewImp;
			sourceTree = "<group>";
		};
		AF7E902D1B96A59800AFD3EF /* PGCategoryMenu */ = {
			isa = PBXGroup;
			children = (
				AF7E902E1B96A59800AFD3EF /* PGCategoryView.h */,
				AF7E902F1B96A59800AFD3EF /* PGCategoryView.m */,
				AF7E90301B96A59800AFD3EF /* re_prduct_pan_toggle@2x.png */,
				AF7E90311B96A59800AFD3EF /* re_product_pan_b@2x.png */,
			);
			path = PGCategoryMenu;
			sourceTree = "<group>";
		};
		AFEF5D3E1BA0346700A4961D /* SwiftNotice-3.1 */ = {
			isa = PBXGroup;
			children = (
				AFEF5D3F1BA0346700A4961D /* SwiftNotice.swift */,
			);
			path = "SwiftNotice-3.1";
			sourceTree = "<group>";
		};
		AFF0663B1BA6BD430098706F /* Kingfisher */ = {
			isa = PBXGroup;
			children = (
				AFF0663C1BA6BD430098706F /* ImageCache.swift */,
				AFF0663D1BA6BD430098706F /* ImageDownloader.swift */,
				AFF0663E1BA6BD430098706F /* Info.plist */,
				AFF0663F1BA6BD430098706F /* Kingfisher.h */,
				AFF066401BA6BD430098706F /* KingfisherManager.swift */,
				AFF066411BA6BD430098706F /* KingfisherOptions.swift */,
				AFF066421BA6BD430098706F /* KingfisherOptionsInfo.swift */,
				AFF066431BA6BD430098706F /* Resource.swift */,
				AFF066441BA6BD430098706F /* String+MD5.swift */,
				AFF066451BA6BD430098706F /* UIButton+Kingfisher.swift */,
				AFF066461BA6BD430098706F /* UIImage+Decode.swift */,
				AFF066471BA6BD430098706F /* UIImage+Normalize.swift */,
				AFF066481BA6BD430098706F /* UIImageView+Kingfisher.swift */,
				AFF066491BA6BD430098706F /* WKInterfaceImage+Kingfisher.swift */,
			);
			path = Kingfisher;
			sourceTree = "<group>";
		};
		AFF0665D1BA943CC0098706F /* GLCircleScrollVeiw */ = {
			isa = PBXGroup;
			children = (
				AFF0665E1BA943CC0098706F /* CirCleView.swift */,
			);
			path = GLCircleScrollVeiw;
			sourceTree = "<group>";
		};
		F39DA90FC632ABF7B58E8331 /* Frameworks */ = {
			isa = PBXGroup;
			children = (
			);
			name = Frameworks;
			sourceTree = "<group>";
		};
/* End PBXGroup section */

/* Begin PBXNativeTarget section */
		AF010EBC1B7C3FBA00EB4596 /* ASAP */ = {
			isa = PBXNativeTarget;
			buildConfigurationList = AF010EDE1B7C3FBA00EB4596 /* Build configuration list for PBXNativeTarget "ASAP" */;
			buildPhases = (
				AF010EB91B7C3FBA00EB4596 /* Sources */,
				AF010EBA1B7C3FBA00EB4596 /* Frameworks */,
				AF010EBB1B7C3FBA00EB4596 /* Resources */,
				AF3AA4751B7C816C0056CB47 /* Embed Frameworks */,
			);
			buildRules = (
			);
			dependencies = (
			);
			name = ASAP;
			productName = ASAP;
			productReference = AF010EBD1B7C3FBA00EB4596 /* ASAP.app */;
			productType = "com.apple.product-type.application";
		};
		AF010ED31B7C3FBA00EB4596 /* ASAPTests */ = {
			isa = PBXNativeTarget;
			buildConfigurationList = AF010EE11B7C3FBA00EB4596 /* Build configuration list for PBXNativeTarget "ASAPTests" */;
			buildPhases = (
				AF010ED01B7C3FBA00EB4596 /* Sources */,
				AF010ED11B7C3FBA00EB4596 /* Frameworks */,
				AF010ED21B7C3FBA00EB4596 /* Resources */,
			);
			buildRules = (
			);
			dependencies = (
				AF010ED61B7C3FBA00EB4596 /* PBXTargetDependency */,
			);
			name = ASAPTests;
			productName = ASAPTests;
			productReference = AF010ED41B7C3FBA00EB4596 /* ASAPTests.xctest */;
			productType = "com.apple.product-type.bundle.unit-test";
		};
/* End PBXNativeTarget section */

/* Begin PBXProject section */
		AF010EB51B7C3FBA00EB4596 /* Project object */ = {
			isa = PBXProject;
			attributes = {
				LastUpgradeCheck = 0640;
				ORGANIZATIONNAME = uitox;
				TargetAttributes = {
					AF010EBC1B7C3FBA00EB4596 = {
						CreatedOnToolsVersion = 6.4;
						DevelopmentTeam = 6S58SYGUR9;
					};
					AF010ED31B7C3FBA00EB4596 = {
						CreatedOnToolsVersion = 6.4;
						TestTargetID = AF010EBC1B7C3FBA00EB4596;
					};
				};
			};
			buildConfigurationList = AF010EB81B7C3FBA00EB4596 /* Build configuration list for PBXProject "ASAP" */;
			compatibilityVersion = "Xcode 3.2";
			developmentRegion = English;
			hasScannedForEncodings = 0;
			knownRegions = (
				en,
				Base,
			);
			mainGroup = AF010EB41B7C3FBA00EB4596;
			productRefGroup = AF010EBE1B7C3FBA00EB4596 /* Products */;
			projectDirPath = "";
			projectRoot = "";
			targets = (
				AF010EBC1B7C3FBA00EB4596 /* ASAP */,
				AF010ED31B7C3FBA00EB4596 /* ASAPTests */,
			);
		};
/* End PBXProject section */

/* Begin PBXResourcesBuildPhase section */
		AF010EBB1B7C3FBA00EB4596 /* Resources */ = {
			isa = PBXResourcesBuildPhase;
			buildActionMask = 2147483647;
			files = (
				AF010ECA1B7C3FBA00EB4596 /* Main.storyboard in Resources */,
				AF010ECF1B7C3FBA00EB4596 /* LaunchScreen.xib in Resources */,
				AF7E90271B96A14300AFD3EF /* expandableImage@2x.png in Resources */,
				AF7E8FEA1B9557C400AFD3EF /* .gitkeep in Resources */,
				AF7E90261B96A14300AFD3EF /* expandableImage.png in Resources */,
				AF010ECC1B7C3FBA00EB4596 /* Images.xcassets in Resources */,
				AF3195FE1B832705001D6E75 /* Info.plist in Resources */,
				AF7E90331B96A59800AFD3EF /* re_prduct_pan_toggle@2x.png in Resources */,
				AFF066581BA7FA200098706F /* ic_chevron_right_24dp.png in Resources */,
				AFF0664C1BA6BD430098706F /* Info.plist in Resources */,
				AF7E90341B96A59800AFD3EF /* re_product_pan_b@2x.png in Resources */,
			);
			runOnlyForDeploymentPostprocessing = 0;
		};
		AF010ED21B7C3FBA00EB4596 /* Resources */ = {
			isa = PBXResourcesBuildPhase;
			buildActionMask = 2147483647;
			files = (
			);
			runOnlyForDeploymentPostprocessing = 0;
		};
/* End PBXResourcesBuildPhase section */

/* Begin PBXSourcesBuildPhase section */
		AF010EB91B7C3FBA00EB4596 /* Sources */ = {
			isa = PBXSourcesBuildPhase;
			buildActionMask = 2147483647;
			files = (
				AF7E900E1B957DB600AFD3EF /* FirstViewController.swift in Sources */,
				AF7E90011B95592500AFD3EF /* KindViewController.swift in Sources */,
				A199C8E51BAFE67600F2A0B6 /* ModelCollectionViewCell.swift in Sources */,
				AF7E8FF01B95581200AFD3EF /* ItemInfo.swift in Sources */,
				AF7E902C1B96A2DD00AFD3EF /* MenuViewController.swift in Sources */,
				AF7E90281B96A14300AFD3EF /* SKSTableView.m in Sources */,
				AF7E8FEC1B9557C400AFD3EF /* MenuView.swift in Sources */,
				AF251DCB1B7C869F00F06143 /* Logger.swift in Sources */,
				AF251DCC1B7C869F00F06143 /* WeatherResponse.swift in Sources */,
				AFEF5D4A1BA2A8DF00A4961D /* ViewControllerCommon.swift in Sources */,
				AF3195F81B83144F001D6E75 /* TransformType.swift in Sources */,
				AF3195F41B83144F001D6E75 /* DateTransform.swift in Sources */,
				AF7E8FFE1B95592500AFD3EF /* GistsViewController.swift in Sources */,
				AF251DCA1B7C869F00F06143 /* ApiManager.swift in Sources */,
				AFF0665C1BA943A70098706F /* DeployResponse.swift in Sources */,
				AFF066531BA6BD430098706F /* UIImage+Decode.swift in Sources */,
				AF7E8FFD1B95592500AFD3EF /* DetailViewController.swift in Sources */,
				AF7E90091B95791D00AFD3EF /* BasicCell.swift in Sources */,
				AF3195EF1B83144F001D6E75 /* Mapper.swift in Sources */,
				AFF0664B1BA6BD430098706F /* ImageDownloader.swift in Sources */,
				AF7E90291B96A14300AFD3EF /* SKSTableViewCell.m in Sources */,
				AF7E90031B95592500AFD3EF /* OrganizationsViewController.swift in Sources */,
				AF7E90041B95592500AFD3EF /* RepositoriesViewController.swift in Sources */,
				AF3195E91B83144F001D6E75 /* Validation.swift in Sources */,
				AFF066561BA6BD430098706F /* WKInterfaceImage+Kingfisher.swift in Sources */,
				AFF0665F1BA943CC0098706F /* CirCleView.swift in Sources */,
				AFEF5D401BA0346700A4961D /* SwiftNotice.swift in Sources */,
				AF0F3BC41B97E2C000EE8CD2 /* SearchModel.swift in Sources */,
				AFF0664E1BA6BD430098706F /* KingfisherOptions.swift in Sources */,
				AF3195F61B83144F001D6E75 /* ISO8601DateTransform.swift in Sources */,
				AFEF5D441BA15A7500A4961D /* CampaignResponse.swift in Sources */,
				AFF0664A1BA6BD430098706F /* ImageCache.swift in Sources */,
				AFF066541BA6BD430098706F /* UIImage+Normalize.swift in Sources */,
				AF7E8FFF1B95592500AFD3EF /* GoodsListViewController.swift in Sources */,
				AF7E8FEE1B9557C400AFD3EF /* PagingMenuOptions.swift in Sources */,
				AFEF5D481BA15AE200A4961D /* MenuResponse.swift in Sources */,
				AF010EC31B7C3FBA00EB4596 /* AppDelegate.swift in Sources */,
				AF3195FF1B832705001D6E75 /* SCLAlertView.swift in Sources */,
				AFF066691BAAA1E00098706F /* OnSaleViewController.swift in Sources */,
				AF7E90021B95592500AFD3EF /* MyTabBarViewController.swift in Sources */,
				AF7E90321B96A59800AFD3EF /* PGCategoryView.m in Sources */,
				AF3195F31B83144F001D6E75 /* DateFormaterTransform.swift in Sources */,
				AFF066511BA6BD430098706F /* String+MD5.swift in Sources */,
				AFF066621BA944000098706F /* DealsCollectionViewCell.swift in Sources */,
				AF3195EA1B83144F001D6E75 /* AlamofireObjectMapper.swift in Sources */,
				AFF0664F1BA6BD430098706F /* KingfisherOptionsInfo.swift in Sources */,
				AF3195F21B83144F001D6E75 /* CustomDateFormatTransform.swift in Sources */,
				AFF066631BA944000098706F /* DealsTableViewCell.swift in Sources */,
				AF7E8FED1B9557C400AFD3EF /* PagingMenuController.swift in Sources */,
				AF3195E31B83144F001D6E75 /* MultipartFormData.swift in Sources */,
				AFF066661BA94E2A0098706F /* DealsOntimeModel.swift in Sources */,
				AF3195E41B83144F001D6E75 /* ParameterEncoding.swift in Sources */,
				AF3195E01B83144F001D6E75 /* Alamofire.swift in Sources */,
				AF7E900A1B95791D00AFD3EF /* HeaderCell.swift in Sources */,
				AFF066501BA6BD430098706F /* Resource.swift in Sources */,
				AF3195E21B83144F001D6E75 /* Manager.swift in Sources */,
				AFF066551BA6BD430098706F /* UIImageView+Kingfisher.swift in Sources */,
				AF3195E71B83144F001D6E75 /* ServerTrustPolicy.swift in Sources */,
				AFF066671BA94E2A0098706F /* DealsOntimeResponse.swift in Sources */,
				AF3195F51B83144F001D6E75 /* EnumTransform.swift in Sources */,
				AF3195E81B83144F001D6E75 /* Upload.swift in Sources */,
				AFEF5D431BA15A7500A4961D /* CampaignModel.swift in Sources */,
				AF0F3BC31B97E2C000EE8CD2 /* SearchListResponse.swift in Sources */,
				AF3195E51B83144F001D6E75 /* Request.swift in Sources */,
				AF7E8FEB1B9557C400AFD3EF /* MenuItemView.swift in Sources */,
				AFEF5D471BA15AE200A4961D /* MenuModel.swift in Sources */,
				AF7E90051B95592500AFD3EF /* UsersViewController.swift in Sources */,
				AFF066521BA6BD430098706F /* UIButton+Kingfisher.swift in Sources */,
				A199C8E31BAFE53600F2A0B6 /* ModelTableViewCell.swift in Sources */,
				AF7E902A1B96A14300AFD3EF /* SKSTableViewCellIndicator.m in Sources */,
				AF0F3BC81B99776800EE8CD2 /* CategoryResponse.swift in Sources */,
				A1916A841BAAB9CD00DA5447 /* SignInViewController.swift in Sources */,
				AF0F3BC71B99776800EE8CD2 /* CategoryModel.swift in Sources */,
				AF790AE81B81C0D900070875 /* OpenWeatherModel.swift in Sources */,
				AFF0664D1BA6BD430098706F /* KingfisherManager.swift in Sources */,
				AF3195F01B83144F001D6E75 /* Operators.swift in Sources */,
				AF3195F11B83144F001D6E75 /* ToJSON.swift in Sources */,
				AFF0666B1BAAA4AD0098706F /* OnSaleHeaderCell.swift in Sources */,
				AF3195E61B83144F001D6E75 /* ResponseSerialization.swift in Sources */,
				AFF0665B1BA943A70098706F /* DeployModel.swift in Sources */,
				AF3195F91B83144F001D6E75 /* URLTransform.swift in Sources */,
				AF3195F71B83144F001D6E75 /* TransformOf.swift in Sources */,
				AF0F3BCA1B9D7DBA00EE8CD2 /* SearchResultViewController.swift in Sources */,
				AF3195E11B83144F001D6E75 /* Download.swift in Sources */,
				AF3195EE1B83144F001D6E75 /* FromJSON.swift in Sources */,
			);
			runOnlyForDeploymentPostprocessing = 0;
		};
		AF010ED01B7C3FBA00EB4596 /* Sources */ = {
			isa = PBXSourcesBuildPhase;
			buildActionMask = 2147483647;
			files = (
				AF010EDB1B7C3FBA00EB4596 /* ASAPTests.swift in Sources */,
			);
			runOnlyForDeploymentPostprocessing = 0;
		};
/* End PBXSourcesBuildPhase section */

/* Begin PBXTargetDependency section */
		AF010ED61B7C3FBA00EB4596 /* PBXTargetDependency */ = {
			isa = PBXTargetDependency;
			target = AF010EBC1B7C3FBA00EB4596 /* ASAP */;
			targetProxy = AF010ED51B7C3FBA00EB4596 /* PBXContainerItemProxy */;
		};
/* End PBXTargetDependency section */

/* Begin PBXVariantGroup section */
		AF010EC81B7C3FBA00EB4596 /* Main.storyboard */ = {
			isa = PBXVariantGroup;
			children = (
				AF010EC91B7C3FBA00EB4596 /* Base */,
			);
			name = Main.storyboard;
			sourceTree = "<group>";
		};
		AF010ECD1B7C3FBA00EB4596 /* LaunchScreen.xib */ = {
			isa = PBXVariantGroup;
			children = (
				AF010ECE1B7C3FBA00EB4596 /* Base */,
			);
			name = LaunchScreen.xib;
			sourceTree = "<group>";
		};
/* End PBXVariantGroup section */

/* Begin XCBuildConfiguration section */
		AF010EDC1B7C3FBA00EB4596 /* Debug */ = {
			isa = XCBuildConfiguration;
			buildSettings = {
				ALWAYS_SEARCH_USER_PATHS = NO;
				CLANG_CXX_LANGUAGE_STANDARD = "gnu++0x";
				CLANG_CXX_LIBRARY = "libc++";
				CLANG_ENABLE_MODULES = YES;
				CLANG_ENABLE_OBJC_ARC = YES;
				CLANG_WARN_BOOL_CONVERSION = YES;
				CLANG_WARN_CONSTANT_CONVERSION = YES;
				CLANG_WARN_DIRECT_OBJC_ISA_USAGE = YES_ERROR;
				CLANG_WARN_EMPTY_BODY = YES;
				CLANG_WARN_ENUM_CONVERSION = YES;
				CLANG_WARN_INT_CONVERSION = YES;
				CLANG_WARN_OBJC_ROOT_CLASS = YES_ERROR;
				CLANG_WARN_UNREACHABLE_CODE = YES;
				CLANG_WARN__DUPLICATE_METHOD_MATCH = YES;
				"CODE_SIGN_IDENTITY[sdk=iphoneos*]" = "iPhone Developer";
				COPY_PHASE_STRIP = NO;
				DEBUG_INFORMATION_FORMAT = "dwarf-with-dsym";
				ENABLE_STRICT_OBJC_MSGSEND = YES;
				GCC_C_LANGUAGE_STANDARD = gnu99;
				GCC_DYNAMIC_NO_PIC = NO;
				GCC_NO_COMMON_BLOCKS = YES;
				GCC_OPTIMIZATION_LEVEL = 0;
				GCC_PREPROCESSOR_DEFINITIONS = (
					"DEBUG=1",
					"$(inherited)",
				);
				GCC_SYMBOLS_PRIVATE_EXTERN = NO;
				GCC_WARN_64_TO_32_BIT_CONVERSION = YES;
				GCC_WARN_ABOUT_RETURN_TYPE = YES_ERROR;
				GCC_WARN_UNDECLARED_SELECTOR = YES;
				GCC_WARN_UNINITIALIZED_AUTOS = YES_AGGRESSIVE;
				GCC_WARN_UNUSED_FUNCTION = YES;
				GCC_WARN_UNUSED_VARIABLE = YES;
				IPHONEOS_DEPLOYMENT_TARGET = 8.4;
				MTL_ENABLE_DEBUG_INFO = YES;
				ONLY_ACTIVE_ARCH = YES;
				SDKROOT = iphoneos;
				SWIFT_OPTIMIZATION_LEVEL = "-Onone";
				TARGETED_DEVICE_FAMILY = "1,2";
			};
			name = Debug;
		};
		AF010EDD1B7C3FBA00EB4596 /* Release */ = {
			isa = XCBuildConfiguration;
			buildSettings = {
				ALWAYS_SEARCH_USER_PATHS = NO;
				CLANG_CXX_LANGUAGE_STANDARD = "gnu++0x";
				CLANG_CXX_LIBRARY = "libc++";
				CLANG_ENABLE_MODULES = YES;
				CLANG_ENABLE_OBJC_ARC = YES;
				CLANG_WARN_BOOL_CONVERSION = YES;
				CLANG_WARN_CONSTANT_CONVERSION = YES;
				CLANG_WARN_DIRECT_OBJC_ISA_USAGE = YES_ERROR;
				CLANG_WARN_EMPTY_BODY = YES;
				CLANG_WARN_ENUM_CONVERSION = YES;
				CLANG_WARN_INT_CONVERSION = YES;
				CLANG_WARN_OBJC_ROOT_CLASS = YES_ERROR;
				CLANG_WARN_UNREACHABLE_CODE = YES;
				CLANG_WARN__DUPLICATE_METHOD_MATCH = YES;
				"CODE_SIGN_IDENTITY[sdk=iphoneos*]" = "iPhone Developer";
				COPY_PHASE_STRIP = NO;
				DEBUG_INFORMATION_FORMAT = "dwarf-with-dsym";
				ENABLE_NS_ASSERTIONS = NO;
				ENABLE_STRICT_OBJC_MSGSEND = YES;
				GCC_C_LANGUAGE_STANDARD = gnu99;
				GCC_NO_COMMON_BLOCKS = YES;
				GCC_WARN_64_TO_32_BIT_CONVERSION = YES;
				GCC_WARN_ABOUT_RETURN_TYPE = YES_ERROR;
				GCC_WARN_UNDECLARED_SELECTOR = YES;
				GCC_WARN_UNINITIALIZED_AUTOS = YES_AGGRESSIVE;
				GCC_WARN_UNUSED_FUNCTION = YES;
				GCC_WARN_UNUSED_VARIABLE = YES;
				IPHONEOS_DEPLOYMENT_TARGET = 8.4;
				MTL_ENABLE_DEBUG_INFO = NO;
				SDKROOT = iphoneos;
				TARGETED_DEVICE_FAMILY = "1,2";
				VALIDATE_PRODUCT = YES;
			};
			name = Release;
		};
		AF010EDF1B7C3FBA00EB4596 /* Debug */ = {
			isa = XCBuildConfiguration;
			buildSettings = {
				ASSETCATALOG_COMPILER_APPICON_NAME = AppIcon;
				CLANG_ENABLE_MODULES = YES;
				CODE_SIGN_IDENTITY = "iPhone Developer";
				EMBEDDED_CONTENT_CONTAINS_SWIFT = NO;
				FRAMEWORK_SEARCH_PATHS = (
					"$(inherited)",
					"$(USER_LIBRARY_DIR)/Developer/Xcode/DerivedData/UitoxShopProduct-amxlflortglgsrdfviqdytoeewaq/Build/Products/Debug-iphoneos",
				);
				INFOPLIST_FILE = ASAP/Info.plist;
				IPHONEOS_DEPLOYMENT_TARGET = 7.0;
				LD_RUNPATH_SEARCH_PATHS = "$(inherited) @executable_path/Frameworks";
				PRODUCT_NAME = "$(TARGET_NAME)";
				SWIFT_OBJC_BRIDGING_HEADER = "UitoxCommon/ASAP-Bridging-Header.h";
				SWIFT_OPTIMIZATION_LEVEL = "-Onone";
			};
			name = Debug;
		};
		AF010EE01B7C3FBA00EB4596 /* Release */ = {
			isa = XCBuildConfiguration;
			buildSettings = {
				ASSETCATALOG_COMPILER_APPICON_NAME = AppIcon;
				CLANG_ENABLE_MODULES = YES;
				CODE_SIGN_IDENTITY = "iPhone Developer";
				EMBEDDED_CONTENT_CONTAINS_SWIFT = NO;
				FRAMEWORK_SEARCH_PATHS = (
					"$(inherited)",
					"$(USER_LIBRARY_DIR)/Developer/Xcode/DerivedData/UitoxShopProduct-amxlflortglgsrdfviqdytoeewaq/Build/Products/Debug-iphoneos",
				);
				INFOPLIST_FILE = ASAP/Info.plist;
				IPHONEOS_DEPLOYMENT_TARGET = 7.0;
				LD_RUNPATH_SEARCH_PATHS = "$(inherited) @executable_path/Frameworks";
				PRODUCT_NAME = "$(TARGET_NAME)";
				SWIFT_OBJC_BRIDGING_HEADER = "UitoxCommon/ASAP-Bridging-Header.h";
			};
			name = Release;
		};
		AF010EE21B7C3FBA00EB4596 /* Debug */ = {
			isa = XCBuildConfiguration;
			buildSettings = {
				BUNDLE_LOADER = "$(TEST_HOST)";
				FRAMEWORK_SEARCH_PATHS = (
					"$(SDKROOT)/Developer/Library/Frameworks",
					"$(inherited)",
				);
				GCC_PREPROCESSOR_DEFINITIONS = (
					"DEBUG=1",
					"$(inherited)",
				);
				INFOPLIST_FILE = ASAPTests/Info.plist;
				LD_RUNPATH_SEARCH_PATHS = "$(inherited) @executable_path/Frameworks @loader_path/Frameworks";
				PRODUCT_NAME = "$(TARGET_NAME)";
				TEST_HOST = "$(BUILT_PRODUCTS_DIR)/ASAP.app/ASAP";
			};
			name = Debug;
		};
		AF010EE31B7C3FBA00EB4596 /* Release */ = {
			isa = XCBuildConfiguration;
			buildSettings = {
				BUNDLE_LOADER = "$(TEST_HOST)";
				FRAMEWORK_SEARCH_PATHS = (
					"$(SDKROOT)/Developer/Library/Frameworks",
					"$(inherited)",
				);
				INFOPLIST_FILE = ASAPTests/Info.plist;
				LD_RUNPATH_SEARCH_PATHS = "$(inherited) @executable_path/Frameworks @loader_path/Frameworks";
				PRODUCT_NAME = "$(TARGET_NAME)";
				TEST_HOST = "$(BUILT_PRODUCTS_DIR)/ASAP.app/ASAP";
			};
			name = Release;
		};
/* End XCBuildConfiguration section */

/* Begin XCConfigurationList section */
		AF010EB81B7C3FBA00EB4596 /* Build configuration list for PBXProject "ASAP" */ = {
			isa = XCConfigurationList;
			buildConfigurations = (
				AF010EDC1B7C3FBA00EB4596 /* Debug */,
				AF010EDD1B7C3FBA00EB4596 /* Release */,
			);
			defaultConfigurationIsVisible = 0;
			defaultConfigurationName = Release;
		};
		AF010EDE1B7C3FBA00EB4596 /* Build configuration list for PBXNativeTarget "ASAP" */ = {
			isa = XCConfigurationList;
			buildConfigurations = (
				AF010EDF1B7C3FBA00EB4596 /* Debug */,
				AF010EE01B7C3FBA00EB4596 /* Release */,
			);
			defaultConfigurationIsVisible = 0;
			defaultConfigurationName = Release;
		};
		AF010EE11B7C3FBA00EB4596 /* Build configuration list for PBXNativeTarget "ASAPTests" */ = {
			isa = XCConfigurationList;
			buildConfigurations = (
				AF010EE21B7C3FBA00EB4596 /* Debug */,
				AF010EE31B7C3FBA00EB4596 /* Release */,
			);
			defaultConfigurationIsVisible = 0;
			defaultConfigurationName = Release;
		};
/* End XCConfigurationList section */
	};
	rootObject = AF010EB51B7C3FBA00EB4596 /* Project object */;
}
